
Microsoft Visual Studio Solution File, Format Version 12.00
# Visual Studio 2012
Project("{FAE04EC0-301F-11D3-BF4B-00C04F79EFBC}") = "Redis", "Redis\Redis.csproj", "{19A2A973-0418-4081-9329-751F5ACF4582}"
EndProject
Project("{FAE04EC0-301F-11D3-BF4B-00C04F79EFBC}") = "RavenDB", "RavenDB\RavenDB.csproj", "{5EAB9167-31E2-4C6F-AC64-B1E82E8D99B4}"
EndProject
Project("{FAE04EC0-301F-11D3-BF4B-00C04F79EFBC}") = "NoSQLTests", "NoSQLTests\NoSQLTests.csproj", "{892BB6BC-D32B-421C-8197-83938EC4D6F4}"
EndProject
Global
	GlobalSection(SolutionConfigurationPlatforms) = preSolution
		Debug|Any CPU = Debug|Any CPU
		Release|Any CPU = Release|Any CPU
	EndGlobalSection
	GlobalSection(ProjectConfigurationPlatforms) = postSolution
		{19A2A973-0418-4081-9329-751F5ACF4582}.Debug|Any CPU.ActiveCfg = Debug|Any CPU
		{19A2A973-0418-4081-9329-751F5ACF4582}.Debug|Any CPU.Build.0 = Debug|Any CPU
		{19A2A973-0418-4081-9329-751F5ACF4582}.Release|Any CPU.ActiveCfg = Release|Any CPU
		{19A2A973-0418-4081-9329-751F5ACF4582}.Release|Any CPU.Build.0 = Release|Any CPU
		{5EAB9167-31E2-4C6F-AC64-B1E82E8D99B4}.Debug|Any CPU.ActiveCfg = Debug|Any CPU
		{5EAB9167-31E2-4C6F-AC64-B1E82E8D99B4}.Debug|Any CPU.Build.0 = Debug|Any CPU
		{5EAB9167-31E2-4C6F-AC64-B1E82E8D99B4}.Release|Any CPU.ActiveCfg = Release|Any CPU
		{5EAB9167-31E2-4C6F-AC64-B1E82E8D99B4}.Release|Any CPU.Build.0 = Release|Any CPU
		{892BB6BC-D32B-421C-8197-83938EC4D6F4}.Debug|Any CPU.ActiveCfg = Debug|Any CPU
		{892BB6BC-D32B-421C-8197-83938EC4D6F4}.Debug|Any CPU.Build.0 = Debug|Any CPU
		{892BB6BC-D32B-421C-8197-83938EC4D6F4}.Release|Any CPU.ActiveCfg = Release|Any CPU
		{892BB6BC-D32B-421C-8197-83938EC4D6F4}.Release|Any CPU.Build.0 = Release|Any CPU
	EndGlobalSection
	GlobalSection(SolutionProperties) = preSolution
		HideSolutionNode = FALSE
	EndGlobalSection
EndGlobal
